// !$*UTF8*$!
{
	archiveVersion = 1;
	classes = {
	};
	objectVersion = 54;
	objects = {

/* Begin PBXBuildFile section */
		4A29CB3A24BE14470057F878 /* AboutView.swift in Sources */ = {isa = PBXBuildFile; fileRef = 4A29CB3924BE14470057F878 /* AboutView.swift */; };
		4A29CB3D24BF1E890057F878 /* Launch Screen.storyboard in Resources */ = {isa = PBXBuildFile; fileRef = 4A29CB3C24BF1E890057F878 /* Launch Screen.storyboard */; };
		4A4C154324C18E23001E4B1D /* AnnotatedMapView.swift in Sources */ = {isa = PBXBuildFile; fileRef = 4A4C154224C18E23001E4B1D /* AnnotatedMapView.swift */; };
		4A579C1D24DD6009006C6A76 /* MapKit.framework in Frameworks */ = {isa = PBXBuildFile; fileRef = 4A579C1C24DD6009006C6A76 /* MapKit.framework */; };
		4A5C167624AF84EA006C7564 /* Tests_iOS.swift in Sources */ = {isa = PBXBuildFile; fileRef = 4A5C167524AF84EA006C7564 /* Tests_iOS.swift */; };
		4A5C168324AF84EA006C7564 /* BAB_Club_SearchApp.swift in Sources */ = {isa = PBXBuildFile; fileRef = 4A5C165A24AF84E7006C7564 /* BAB_Club_SearchApp.swift */; };
		4A5C168524AF84EA006C7564 /* ContentView.swift in Sources */ = {isa = PBXBuildFile; fileRef = 4A5C165B24AF84E7006C7564 /* ContentView.swift */; };
		4A5C168724AF84EA006C7564 /* Assets.xcassets in Resources */ = {isa = PBXBuildFile; fileRef = 4A5C165C24AF84EA006C7564 /* Assets.xcassets */; };
		4A5C169824AF8845006C7564 /* Club.swift in Sources */ = {isa = PBXBuildFile; fileRef = 4A5C169724AF8845006C7564 /* Club.swift */; };
		4A5C169B24AF99F9006C7564 /* ClubLocationView.swift in Sources */ = {isa = PBXBuildFile; fileRef = 4A5C169A24AF99F9006C7564 /* ClubLocationView.swift */; };
		4A77D30F25ED82D300AB51C8 /* FavouriteButton.swift in Sources */ = {isa = PBXBuildFile; fileRef = 4A77D30E25ED82D300AB51C8 /* FavouriteButton.swift */; };
		4A88763E24BDCBEB00F331E8 /* clubs.xml in Resources */ = {isa = PBXBuildFile; fileRef = 4A88763D24BDCBEB00F331E8 /* clubs.xml */; };
		4A8A030C25E2BBE600914F04 /* PartialSheet in Frameworks */ = {isa = PBXBuildFile; productRef = 4A8A030B25E2BBE600914F04 /* PartialSheet */; };
		4A9DF81124B078B000AB6EF9 /* ClubStore.swift in Sources */ = {isa = PBXBuildFile; fileRef = 4A9DF81024B078B000AB6EF9 /* ClubStore.swift */; };
		4A9E68FD24BCA8FC000EA407 /* AEXML in Frameworks */ = {isa = PBXBuildFile; productRef = 4A9E68FC24BCA8FC000EA407 /* AEXML */; };
		4ABDC05924C1FE09009DB2CE /* UrlWebView.swift in Sources */ = {isa = PBXBuildFile; fileRef = 4ABDC05824C1FE09009DB2CE /* UrlWebView.swift */; };
		4ACA7343251BCAC7009ECB5A /* LocationFetcher.swift in Sources */ = {isa = PBXBuildFile; fileRef = 4ACA7342251BCAC7009ECB5A /* LocationFetcher.swift */; };
/* End PBXBuildFile section */

/* Begin PBXContainerItemProxy section */
		4A5C167224AF84EA006C7564 /* PBXContainerItemProxy */ = {
			isa = PBXContainerItemProxy;
			containerPortal = 4A5C165524AF84E7006C7564 /* Project object */;
			proxyType = 1;
			remoteGlobalIDString = 4A5C166024AF84EA006C7564;
			remoteInfo = iOS;
		};
/* End PBXContainerItemProxy section */

/* Begin PBXFileReference section */
		4A29CB3924BE14470057F878 /* AboutView.swift */ = {isa = PBXFileReference; lastKnownFileType = sourcecode.swift; path = AboutView.swift; sourceTree = "<group>"; };
		4A29CB3C24BF1E890057F878 /* Launch Screen.storyboard */ = {isa = PBXFileReference; lastKnownFileType = file.storyboard; path = "Launch Screen.storyboard"; sourceTree = "<group>"; };
		4A4C154224C18E23001E4B1D /* AnnotatedMapView.swift */ = {isa = PBXFileReference; lastKnownFileType = sourcecode.swift; path = AnnotatedMapView.swift; sourceTree = "<group>"; };
		4A579C1C24DD6009006C6A76 /* MapKit.framework */ = {isa = PBXFileReference; lastKnownFileType = wrapper.framework; name = MapKit.framework; path = Platforms/iPhoneOS.platform/Developer/SDKs/iPhoneOS14.0.sdk/System/Library/Frameworks/MapKit.framework; sourceTree = DEVELOPER_DIR; };
		4A579C1E24DD61F3006C6A76 /* BAB Club SearchRelease.entitlements */ = {isa = PBXFileReference; lastKnownFileType = text.plist.entitlements; path = "BAB Club SearchRelease.entitlements"; sourceTree = "<group>"; };
		4A5C165A24AF84E7006C7564 /* BAB_Club_SearchApp.swift */ = {isa = PBXFileReference; lastKnownFileType = sourcecode.swift; path = BAB_Club_SearchApp.swift; sourceTree = "<group>"; };
		4A5C165B24AF84E7006C7564 /* ContentView.swift */ = {isa = PBXFileReference; lastKnownFileType = sourcecode.swift; path = ContentView.swift; sourceTree = "<group>"; };
		4A5C165C24AF84EA006C7564 /* Assets.xcassets */ = {isa = PBXFileReference; lastKnownFileType = folder.assetcatalog; path = Assets.xcassets; sourceTree = "<group>"; };
		4A5C166124AF84EA006C7564 /* BAB Club Search.app */ = {isa = PBXFileReference; explicitFileType = wrapper.application; includeInIndex = 0; path = "BAB Club Search.app"; sourceTree = BUILT_PRODUCTS_DIR; };
		4A5C166424AF84EA006C7564 /* Info.plist */ = {isa = PBXFileReference; lastKnownFileType = text.plist.xml; path = Info.plist; sourceTree = "<group>"; };
		4A5C166B24AF84EA006C7564 /* Info.plist */ = {isa = PBXFileReference; lastKnownFileType = text.plist.xml; path = Info.plist; sourceTree = "<group>"; };
		4A5C166C24AF84EA006C7564 /* macOS.entitlements */ = {isa = PBXFileReference; lastKnownFileType = text.plist.entitlements; path = macOS.entitlements; sourceTree = "<group>"; };
		4A5C167124AF84EA006C7564 /* Tests iOS.xctest */ = {isa = PBXFileReference; explicitFileType = wrapper.cfbundle; includeInIndex = 0; path = "Tests iOS.xctest"; sourceTree = BUILT_PRODUCTS_DIR; };
		4A5C167524AF84EA006C7564 /* Tests_iOS.swift */ = {isa = PBXFileReference; lastKnownFileType = sourcecode.swift; path = Tests_iOS.swift; sourceTree = "<group>"; };
		4A5C167724AF84EA006C7564 /* Info.plist */ = {isa = PBXFileReference; lastKnownFileType = text.plist.xml; path = Info.plist; sourceTree = "<group>"; };
		4A5C168024AF84EA006C7564 /* Tests_macOS.swift */ = {isa = PBXFileReference; lastKnownFileType = sourcecode.swift; path = Tests_macOS.swift; sourceTree = "<group>"; };
		4A5C168224AF84EA006C7564 /* Info.plist */ = {isa = PBXFileReference; lastKnownFileType = text.plist.xml; path = Info.plist; sourceTree = "<group>"; };
		4A5C169724AF8845006C7564 /* Club.swift */ = {isa = PBXFileReference; lastKnownFileType = sourcecode.swift; path = Club.swift; sourceTree = "<group>"; };
		4A5C169A24AF99F9006C7564 /* ClubLocationView.swift */ = {isa = PBXFileReference; lastKnownFileType = sourcecode.swift; path = ClubLocationView.swift; sourceTree = "<group>"; };
		4A77D30E25ED82D300AB51C8 /* FavouriteButton.swift */ = {isa = PBXFileReference; lastKnownFileType = sourcecode.swift; path = FavouriteButton.swift; sourceTree = "<group>"; };
		4A88763D24BDCBEB00F331E8 /* clubs.xml */ = {isa = PBXFileReference; fileEncoding = 4; lastKnownFileType = text.xml; path = clubs.xml; sourceTree = "<group>"; };
		4A9DF81024B078B000AB6EF9 /* ClubStore.swift */ = {isa = PBXFileReference; lastKnownFileType = sourcecode.swift; path = ClubStore.swift; sourceTree = "<group>"; };
		4ABDC05824C1FE09009DB2CE /* UrlWebView.swift */ = {isa = PBXFileReference; lastKnownFileType = sourcecode.swift; path = UrlWebView.swift; sourceTree = "<group>"; };
		4ACA7342251BCAC7009ECB5A /* LocationFetcher.swift */ = {isa = PBXFileReference; lastKnownFileType = sourcecode.swift; path = LocationFetcher.swift; sourceTree = "<group>"; };
/* End PBXFileReference section */

/* Begin PBXFrameworksBuildPhase section */
		4A5C165E24AF84EA006C7564 /* Frameworks */ = {
			isa = PBXFrameworksBuildPhase;
			buildActionMask = 2147483647;
			files = (
				4A9E68FD24BCA8FC000EA407 /* AEXML in Frameworks */,
				4A579C1D24DD6009006C6A76 /* MapKit.framework in Frameworks */,
				4A8A030C25E2BBE600914F04 /* PartialSheet in Frameworks */,
			);
			runOnlyForDeploymentPostprocessing = 0;
		};
		4A5C166E24AF84EA006C7564 /* Frameworks */ = {
			isa = PBXFrameworksBuildPhase;
			buildActionMask = 2147483647;
			files = (
			);
			runOnlyForDeploymentPostprocessing = 0;
		};
/* End PBXFrameworksBuildPhase section */

/* Begin PBXGroup section */
		4A0FDB7224BF9CA300E2A876 /* models */ = {
			isa = PBXGroup;
			children = (
				4A5C169724AF8845006C7564 /* Club.swift */,
				4A9DF81024B078B000AB6EF9 /* ClubStore.swift */,
				4ACA7342251BCAC7009ECB5A /* LocationFetcher.swift */,
			);
			path = models;
			sourceTree = "<group>";
		};
		4A0FDB7324BF9CAB00E2A876 /* views */ = {
			isa = PBXGroup;
			children = (
				4A29CB3924BE14470057F878 /* AboutView.swift */,
				4A4C154224C18E23001E4B1D /* AnnotatedMapView.swift */,
				4A5C169A24AF99F9006C7564 /* ClubLocationView.swift */,
				4A5C165B24AF84E7006C7564 /* ContentView.swift */,
				4ABDC05824C1FE09009DB2CE /* UrlWebView.swift */,
				4A77D30E25ED82D300AB51C8 /* FavouriteButton.swift */,
			);
			path = views;
			sourceTree = "<group>";
		};
		4A579C1B24DD6009006C6A76 /* Frameworks */ = {
			isa = PBXGroup;
			children = (
				4A579C1C24DD6009006C6A76 /* MapKit.framework */,
			);
			name = Frameworks;
			sourceTree = "<group>";
		};
		4A5C165424AF84E7006C7564 = {
			isa = PBXGroup;
			children = (
				4A5C165924AF84E7006C7564 /* Shared */,
				4A5C166324AF84EA006C7564 /* iOS */,
				4A5C166A24AF84EA006C7564 /* macOS */,
				4A5C167424AF84EA006C7564 /* Tests iOS */,
				4A5C167F24AF84EA006C7564 /* Tests macOS */,
				4A5C166224AF84EA006C7564 /* Products */,
				4A579C1B24DD6009006C6A76 /* Frameworks */,
			);
			sourceTree = "<group>";
		};
		4A5C165924AF84E7006C7564 /* Shared */ = {
			isa = PBXGroup;
			children = (
				4A0FDB7324BF9CAB00E2A876 /* views */,
				4A0FDB7224BF9CA300E2A876 /* models */,
				4A88763D24BDCBEB00F331E8 /* clubs.xml */,
				4A5C165A24AF84E7006C7564 /* BAB_Club_SearchApp.swift */,
				4A5C165C24AF84EA006C7564 /* Assets.xcassets */,
			);
			path = Shared;
			sourceTree = "<group>";
		};
		4A5C166224AF84EA006C7564 /* Products */ = {
			isa = PBXGroup;
			children = (
				4A5C166124AF84EA006C7564 /* BAB Club Search.app */,
				4A5C167124AF84EA006C7564 /* Tests iOS.xctest */,
			);
			name = Products;
			sourceTree = "<group>";
		};
		4A5C166324AF84EA006C7564 /* iOS */ = {
			isa = PBXGroup;
			children = (
				4A579C1E24DD61F3006C6A76 /* BAB Club SearchRelease.entitlements */,
				4A5C166424AF84EA006C7564 /* Info.plist */,
				4A29CB3C24BF1E890057F878 /* Launch Screen.storyboard */,
			);
			path = iOS;
			sourceTree = "<group>";
		};
		4A5C166A24AF84EA006C7564 /* macOS */ = {
			isa = PBXGroup;
			children = (
				4A5C166B24AF84EA006C7564 /* Info.plist */,
				4A5C166C24AF84EA006C7564 /* macOS.entitlements */,
			);
			path = macOS;
			sourceTree = "<group>";
		};
		4A5C167424AF84EA006C7564 /* Tests iOS */ = {
			isa = PBXGroup;
			children = (
				4A5C167524AF84EA006C7564 /* Tests_iOS.swift */,
				4A5C167724AF84EA006C7564 /* Info.plist */,
			);
			path = "Tests iOS";
			sourceTree = "<group>";
		};
		4A5C167F24AF84EA006C7564 /* Tests macOS */ = {
			isa = PBXGroup;
			children = (
				4A5C168024AF84EA006C7564 /* Tests_macOS.swift */,
				4A5C168224AF84EA006C7564 /* Info.plist */,
			);
			path = "Tests macOS";
			sourceTree = "<group>";
		};
/* End PBXGroup section */

/* Begin PBXNativeTarget section */
		4A5C166024AF84EA006C7564 /* iOS */ = {
			isa = PBXNativeTarget;
			buildConfigurationList = 4A5C168B24AF84EA006C7564 /* Build configuration list for PBXNativeTarget "iOS" */;
			buildPhases = (
				4A5C165D24AF84EA006C7564 /* Sources */,
				4A5C165E24AF84EA006C7564 /* Frameworks */,
				4A5C165F24AF84EA006C7564 /* Resources */,
			);
			buildRules = (
			);
			dependencies = (
			);
			name = iOS;
			packageProductDependencies = (
				4A9E68FC24BCA8FC000EA407 /* AEXML */,
				4A8A030B25E2BBE600914F04 /* PartialSheet */,
			);
			productName = iOS;
			productReference = 4A5C166124AF84EA006C7564 /* BAB Club Search.app */;
			productType = "com.apple.product-type.application";
		};
		4A5C167024AF84EA006C7564 /* Tests iOS */ = {
			isa = PBXNativeTarget;
			buildConfigurationList = 4A5C169124AF84EA006C7564 /* Build configuration list for PBXNativeTarget "Tests iOS" */;
			buildPhases = (
				4A5C166D24AF84EA006C7564 /* Sources */,
				4A5C166E24AF84EA006C7564 /* Frameworks */,
				4A5C166F24AF84EA006C7564 /* Resources */,
			);
			buildRules = (
			);
			dependencies = (
				4A5C167324AF84EA006C7564 /* PBXTargetDependency */,
			);
			name = "Tests iOS";
			productName = "Tests iOS";
			productReference = 4A5C167124AF84EA006C7564 /* Tests iOS.xctest */;
			productType = "com.apple.product-type.bundle.ui-testing";
		};
/* End PBXNativeTarget section */

/* Begin PBXProject section */
		4A5C165524AF84E7006C7564 /* Project object */ = {
			isa = PBXProject;
			attributes = {
				LastSwiftUpdateCheck = 1200;
				LastUpgradeCheck = 1230;
				TargetAttributes = {
					4A5C166024AF84EA006C7564 = {
						CreatedOnToolsVersion = 12.0;
					};
					4A5C167024AF84EA006C7564 = {
						CreatedOnToolsVersion = 12.0;
						TestTargetID = 4A5C166024AF84EA006C7564;
					};
				};
			};
			buildConfigurationList = 4A5C165824AF84E7006C7564 /* Build configuration list for PBXProject "BAB Club Search" */;
			compatibilityVersion = "Xcode 12.0";
			developmentRegion = en;
			hasScannedForEncodings = 0;
			knownRegions = (
				en,
				Base,
			);
			mainGroup = 4A5C165424AF84E7006C7564;
			packageReferences = (
				4A9E68FB24BCA8FC000EA407 /* XCRemoteSwiftPackageReference "AEXML" */,
				4A8A030A25E2BBE600914F04 /* XCRemoteSwiftPackageReference "PartialSheet" */,
			);
			productRefGroup = 4A5C166224AF84EA006C7564 /* Products */;
			projectDirPath = "";
			projectRoot = "";
			targets = (
				4A5C166024AF84EA006C7564 /* iOS */,
				4A5C167024AF84EA006C7564 /* Tests iOS */,
			);
		};
/* End PBXProject section */

/* Begin PBXResourcesBuildPhase section */
		4A5C165F24AF84EA006C7564 /* Resources */ = {
			isa = PBXResourcesBuildPhase;
			buildActionMask = 2147483647;
			files = (
				4A29CB3D24BF1E890057F878 /* Launch Screen.storyboard in Resources */,
				4A5C168724AF84EA006C7564 /* Assets.xcassets in Resources */,
				4A88763E24BDCBEB00F331E8 /* clubs.xml in Resources */,
			);
			runOnlyForDeploymentPostprocessing = 0;
		};
		4A5C166F24AF84EA006C7564 /* Resources */ = {
			isa = PBXResourcesBuildPhase;
			buildActionMask = 2147483647;
			files = (
			);
			runOnlyForDeploymentPostprocessing = 0;
		};
/* End PBXResourcesBuildPhase section */

/* Begin PBXSourcesBuildPhase section */
		4A5C165D24AF84EA006C7564 /* Sources */ = {
			isa = PBXSourcesBuildPhase;
			buildActionMask = 2147483647;
			files = (
				4A5C169B24AF99F9006C7564 /* ClubLocationView.swift in Sources */,
				4A5C168524AF84EA006C7564 /* ContentView.swift in Sources */,
				4A5C168324AF84EA006C7564 /* BAB_Club_SearchApp.swift in Sources */,
				4ACA7343251BCAC7009ECB5A /* LocationFetcher.swift in Sources */,
				4ABDC05924C1FE09009DB2CE /* UrlWebView.swift in Sources */,
				4A4C154324C18E23001E4B1D /* AnnotatedMapView.swift in Sources */,
				4A5C169824AF8845006C7564 /* Club.swift in Sources */,
				4A9DF81124B078B000AB6EF9 /* ClubStore.swift in Sources */,
				4A77D30F25ED82D300AB51C8 /* FavouriteButton.swift in Sources */,
				4A29CB3A24BE14470057F878 /* AboutView.swift in Sources */,
			);
			runOnlyForDeploymentPostprocessing = 0;
		};
		4A5C166D24AF84EA006C7564 /* Sources */ = {
			isa = PBXSourcesBuildPhase;
			buildActionMask = 2147483647;
			files = (
				4A5C167624AF84EA006C7564 /* Tests_iOS.swift in Sources */,
			);
			runOnlyForDeploymentPostprocessing = 0;
		};
/* End PBXSourcesBuildPhase section */

/* Begin PBXTargetDependency section */
		4A5C167324AF84EA006C7564 /* PBXTargetDependency */ = {
			isa = PBXTargetDependency;
			target = 4A5C166024AF84EA006C7564 /* iOS */;
			targetProxy = 4A5C167224AF84EA006C7564 /* PBXContainerItemProxy */;
		};
/* End PBXTargetDependency section */

/* Begin XCBuildConfiguration section */
		4A5C168924AF84EA006C7564 /* Debug */ = {
			isa = XCBuildConfiguration;
			buildSettings = {
				ALWAYS_SEARCH_USER_PATHS = NO;
				CLANG_ANALYZER_NONNULL = YES;
				CLANG_ANALYZER_NUMBER_OBJECT_CONVERSION = YES_AGGRESSIVE;
				CLANG_CXX_LANGUAGE_STANDARD = "gnu++14";
				CLANG_CXX_LIBRARY = "libc++";
				CLANG_ENABLE_MODULES = YES;
				CLANG_ENABLE_OBJC_ARC = YES;
				CLANG_ENABLE_OBJC_WEAK = YES;
				CLANG_WARN_BLOCK_CAPTURE_AUTORELEASING = YES;
				CLANG_WARN_BOOL_CONVERSION = YES;
				CLANG_WARN_COMMA = YES;
				CLANG_WARN_CONSTANT_CONVERSION = YES;
				CLANG_WARN_DEPRECATED_OBJC_IMPLEMENTATIONS = YES;
				CLANG_WARN_DIRECT_OBJC_ISA_USAGE = YES_ERROR;
				CLANG_WARN_DOCUMENTATION_COMMENTS = YES;
				CLANG_WARN_EMPTY_BODY = YES;
				CLANG_WARN_ENUM_CONVERSION = YES;
				CLANG_WARN_INFINITE_RECURSION = YES;
				CLANG_WARN_INT_CONVERSION = YES;
				CLANG_WARN_NON_LITERAL_NULL_CONVERSION = YES;
				CLANG_WARN_OBJC_IMPLICIT_RETAIN_SELF = YES;
				CLANG_WARN_OBJC_LITERAL_CONVERSION = YES;
				CLANG_WARN_OBJC_ROOT_CLASS = YES_ERROR;
				CLANG_WARN_QUOTED_INCLUDE_IN_FRAMEWORK_HEADER = YES;
				CLANG_WARN_RANGE_LOOP_ANALYSIS = YES;
				CLANG_WARN_STRICT_PROTOTYPES = YES;
				CLANG_WARN_SUSPICIOUS_MOVE = YES;
				CLANG_WARN_UNGUARDED_AVAILABILITY = YES_AGGRESSIVE;
				CLANG_WARN_UNREACHABLE_CODE = YES;
				CLANG_WARN__DUPLICATE_METHOD_MATCH = YES;
				COPY_PHASE_STRIP = NO;
				DEBUG_INFORMATION_FORMAT = dwarf;
				ENABLE_STRICT_OBJC_MSGSEND = YES;
				ENABLE_TESTABILITY = YES;
				GCC_C_LANGUAGE_STANDARD = gnu11;
				GCC_DYNAMIC_NO_PIC = NO;
				GCC_NO_COMMON_BLOCKS = YES;
				GCC_OPTIMIZATION_LEVEL = 0;
				GCC_PREPROCESSOR_DEFINITIONS = (
					"DEBUG=1",
					"$(inherited)",
				);
				GCC_WARN_64_TO_32_BIT_CONVERSION = YES;
				GCC_WARN_ABOUT_RETURN_TYPE = YES_ERROR;
				GCC_WARN_UNDECLARED_SELECTOR = YES;
				GCC_WARN_UNINITIALIZED_AUTOS = YES_AGGRESSIVE;
				GCC_WARN_UNUSED_FUNCTION = YES;
				GCC_WARN_UNUSED_VARIABLE = YES;
				IPHONEOS_DEPLOYMENT_TARGET = 15.0;
				MACOSX_DEPLOYMENT_TARGET = 11.0;
				MTL_ENABLE_DEBUG_INFO = INCLUDE_SOURCE;
				MTL_FAST_MATH = YES;
				ONLY_ACTIVE_ARCH = YES;
				SWIFT_ACTIVE_COMPILATION_CONDITIONS = DEBUG;
				SWIFT_OPTIMIZATION_LEVEL = "-Onone";
			};
			name = Debug;
		};
		4A5C168A24AF84EA006C7564 /* Release */ = {
			isa = XCBuildConfiguration;
			buildSettings = {
				ALWAYS_SEARCH_USER_PATHS = NO;
				CLANG_ANALYZER_NONNULL = YES;
				CLANG_ANALYZER_NUMBER_OBJECT_CONVERSION = YES_AGGRESSIVE;
				CLANG_CXX_LANGUAGE_STANDARD = "gnu++14";
				CLANG_CXX_LIBRARY = "libc++";
				CLANG_ENABLE_MODULES = YES;
				CLANG_ENABLE_OBJC_ARC = YES;
				CLANG_ENABLE_OBJC_WEAK = YES;
				CLANG_WARN_BLOCK_CAPTURE_AUTORELEASING = YES;
				CLANG_WARN_BOOL_CONVERSION = YES;
				CLANG_WARN_COMMA = YES;
				CLANG_WARN_CONSTANT_CONVERSION = YES;
				CLANG_WARN_DEPRECATED_OBJC_IMPLEMENTATIONS = YES;
				CLANG_WARN_DIRECT_OBJC_ISA_USAGE = YES_ERROR;
				CLANG_WARN_DOCUMENTATION_COMMENTS = YES;
				CLANG_WARN_EMPTY_BODY = YES;
				CLANG_WARN_ENUM_CONVERSION = YES;
				CLANG_WARN_INFINITE_RECURSION = YES;
				CLANG_WARN_INT_CONVERSION = YES;
				CLANG_WARN_NON_LITERAL_NULL_CONVERSION = YES;
				CLANG_WARN_OBJC_IMPLICIT_RETAIN_SELF = YES;
				CLANG_WARN_OBJC_LITERAL_CONVERSION = YES;
				CLANG_WARN_OBJC_ROOT_CLASS = YES_ERROR;
				CLANG_WARN_QUOTED_INCLUDE_IN_FRAMEWORK_HEADER = YES;
				CLANG_WARN_RANGE_LOOP_ANALYSIS = YES;
				CLANG_WARN_STRICT_PROTOTYPES = YES;
				CLANG_WARN_SUSPICIOUS_MOVE = YES;
				CLANG_WARN_UNGUARDED_AVAILABILITY = YES_AGGRESSIVE;
				CLANG_WARN_UNREACHABLE_CODE = YES;
				CLANG_WARN__DUPLICATE_METHOD_MATCH = YES;
				COPY_PHASE_STRIP = NO;
				DEBUG_INFORMATION_FORMAT = "dwarf-with-dsym";
				ENABLE_NS_ASSERTIONS = NO;
				ENABLE_STRICT_OBJC_MSGSEND = YES;
				GCC_C_LANGUAGE_STANDARD = gnu11;
				GCC_NO_COMMON_BLOCKS = YES;
				GCC_WARN_64_TO_32_BIT_CONVERSION = YES;
				GCC_WARN_ABOUT_RETURN_TYPE = YES_ERROR;
				GCC_WARN_UNDECLARED_SELECTOR = YES;
				GCC_WARN_UNINITIALIZED_AUTOS = YES_AGGRESSIVE;
				GCC_WARN_UNUSED_FUNCTION = YES;
				GCC_WARN_UNUSED_VARIABLE = YES;
				IPHONEOS_DEPLOYMENT_TARGET = 15.0;
				MACOSX_DEPLOYMENT_TARGET = 11.0;
				MTL_ENABLE_DEBUG_INFO = NO;
				MTL_FAST_MATH = YES;
				SWIFT_COMPILATION_MODE = wholemodule;
				SWIFT_OPTIMIZATION_LEVEL = "-O";
			};
			name = Release;
		};
		4A5C168C24AF84EA006C7564 /* Debug */ = {
			isa = XCBuildConfiguration;
			buildSettings = {
				ASSETCATALOG_COMPILER_APPICON_NAME = AppIcon;
				ASSETCATALOG_COMPILER_GLOBAL_ACCENT_COLOR_NAME = AccentColor;
				ASSETCATALOG_COMPILER_INCLUDE_ALL_APPICON_ASSETS = YES;
				CODE_SIGN_STYLE = Automatic;
				CURRENT_PROJECT_VERSION = 1;
				DEVELOPMENT_ASSET_PATHS = "";
				DEVELOPMENT_TEAM = L4225VXXB4;
				ENABLE_PREVIEWS = YES;
				INFOPLIST_FILE = iOS/Info.plist;
				IPHONEOS_DEPLOYMENT_TARGET = 15.0;
				LD_RUNPATH_SEARCH_PATHS = (
					"$(inherited)",
					"@executable_path/Frameworks",
				);
				MARKETING_VERSION = 4.0;
				PRODUCT_BUNDLE_IDENTIFIER = "uk.co.stollerys.BAB-Club-Search";
				PRODUCT_NAME = "BAB Club Search";
				SDKROOT = iphoneos;
				SWIFT_VERSION = 5.0;
				TARGETED_DEVICE_FAMILY = 1;
			};
			name = Debug;
		};
		4A5C168D24AF84EA006C7564 /* Release */ = {
			isa = XCBuildConfiguration;
			buildSettings = {
				ASSETCATALOG_COMPILER_APPICON_NAME = AppIcon;
				ASSETCATALOG_COMPILER_GLOBAL_ACCENT_COLOR_NAME = AccentColor;
				ASSETCATALOG_COMPILER_INCLUDE_ALL_APPICON_ASSETS = YES;
				CODE_SIGN_ENTITLEMENTS = "iOS/BAB Club SearchRelease.entitlements";
				CODE_SIGN_IDENTITY = "Apple Development";
				CODE_SIGN_STYLE = Automatic;
				CURRENT_PROJECT_VERSION = 1;
				DEVELOPMENT_ASSET_PATHS = "";
				DEVELOPMENT_TEAM = L4225VXXB4;
				ENABLE_PREVIEWS = YES;
				INFOPLIST_FILE = iOS/Info.plist;
				IPHONEOS_DEPLOYMENT_TARGET = 15.0;
				LD_RUNPATH_SEARCH_PATHS = (
					"$(inherited)",
					"@executable_path/Frameworks",
				);
				MARKETING_VERSION = 4.0;
				PRODUCT_BUNDLE_IDENTIFIER = "uk.co.stollerys.BAB-Club-Search.iOS";
				PRODUCT_NAME = "BAB Club Search";
				PROVISIONING_PROFILE_SPECIFIER = "";
				SDKROOT = iphoneos;
				SWIFT_VERSION = 5.0;
				TARGETED_DEVICE_FAMILY = 1;
				VALIDATE_PRODUCT = YES;
			};
			name = Release;
		};
		4A5C169224AF84EA006C7564 /* Debug */ = {
			isa = XCBuildConfiguration;
			buildSettings = {
				ALWAYS_EMBED_SWIFT_STANDARD_LIBRARIES = YES;
				CODE_SIGN_STYLE = Automatic;
				INFOPLIST_FILE = "Tests iOS/Info.plist";
				IPHONEOS_DEPLOYMENT_TARGET = 14.0;
				LD_RUNPATH_SEARCH_PATHS = (
					"$(inherited)",
					"@executable_path/Frameworks",
					"@loader_path/Frameworks",
				);
				PRODUCT_BUNDLE_IDENTIFIER = "uk.co.stollerys.Tests-iOS";
				PRODUCT_NAME = "$(TARGET_NAME)";
				SDKROOT = iphoneos;
				SWIFT_VERSION = 5.0;
				TARGETED_DEVICE_FAMILY = "1,2";
				TEST_TARGET_NAME = iOS;
			};
			name = Debug;
		};
		4A5C169324AF84EA006C7564 /* Release */ = {
			isa = XCBuildConfiguration;
			buildSettings = {
				ALWAYS_EMBED_SWIFT_STANDARD_LIBRARIES = YES;
				CODE_SIGN_STYLE = Automatic;
				INFOPLIST_FILE = "Tests iOS/Info.plist";
				IPHONEOS_DEPLOYMENT_TARGET = 14.0;
				LD_RUNPATH_SEARCH_PATHS = (
					"$(inherited)",
					"@executable_path/Frameworks",
					"@loader_path/Frameworks",
				);
				PRODUCT_BUNDLE_IDENTIFIER = "uk.co.stollerys.Tests-iOS";
				PRODUCT_NAME = "$(TARGET_NAME)";
				SDKROOT = iphoneos;
				SWIFT_VERSION = 5.0;
				TARGETED_DEVICE_FAMILY = "1,2";
				TEST_TARGET_NAME = iOS;
				VALIDATE_PRODUCT = YES;
			};
			name = Release;
		};
/* End XCBuildConfiguration section */

/* Begin XCConfigurationList section */
		4A5C165824AF84E7006C7564 /* Build configuration list for PBXProject "BAB Club Search" */ = {
			isa = XCConfigurationList;
			buildConfigurations = (
				4A5C168924AF84EA006C7564 /* Debug */,
				4A5C168A24AF84EA006C7564 /* Release */,
			);
			defaultConfigurationIsVisible = 0;
			defaultConfigurationName = Release;
		};
		4A5C168B24AF84EA006C7564 /* Build configuration list for PBXNativeTarget "iOS" */ = {
			isa = XCConfigurationList;
			buildConfigurations = (
				4A5C168C24AF84EA006C7564 /* Debug */,
				4A5C168D24AF84EA006C7564 /* Release */,
			);
			defaultConfigurationIsVisible = 0;
			defaultConfigurationName = Release;
		};
		4A5C169124AF84EA006C7564 /* Build configuration list for PBXNativeTarget "Tests iOS" */ = {
			isa = XCConfigurationList;
			buildConfigurations = (
				4A5C169224AF84EA006C7564 /* Debug */,
				4A5C169324AF84EA006C7564 /* Release */,
			);
			defaultConfigurationIsVisible = 0;
			defaultConfigurationName = Release;
		};
/* End XCConfigurationList section */

/* Begin XCRemoteSwiftPackageReference section */
		4A8A030A25E2BBE600914F04 /* XCRemoteSwiftPackageReference "PartialSheet" */ = {
			isa = XCRemoteSwiftPackageReference;
			repositoryURL = "https://github.com/AndreaMiotto/PartialSheet.git";
			requirement = {
				kind = upToNextMajorVersion;
				minimumVersion = 2.1.11;
			};
		};
		4A9E68FB24BCA8FC000EA407 /* XCRemoteSwiftPackageReference "AEXML" */ = {
			isa = XCRemoteSwiftPackageReference;
			repositoryURL = "https://github.com/tadija/AEXML.git";
			requirement = {
				kind = upToNextMajorVersion;
				minimumVersion = 4.5.0;
			};
		};
/* End XCRemoteSwiftPackageReference section */

/* Begin XCSwiftPackageProductDependency section */
		4A8A030B25E2BBE600914F04 /* PartialSheet */ = {
			isa = XCSwiftPackageProductDependency;
			package = 4A8A030A25E2BBE600914F04 /* XCRemoteSwiftPackageReference "PartialSheet" */;
			productName = PartialSheet;
		};
		4A9E68FC24BCA8FC000EA407 /* AEXML */ = {
			isa = XCSwiftPackageProductDependency;
			package = 4A9E68FB24BCA8FC000EA407 /* XCRemoteSwiftPackageReference "AEXML" */;
			productName = AEXML;
		};
/* End XCSwiftPackageProductDependency section */
	};
	rootObject = 4A5C165524AF84E7006C7564 /* Project object */;
}
